
Microsoft Visual Studio Solution File, Format Version 12.00
# Visual Studio Version 17
VisualStudioVersion = 17.14.36511.14 d17.14
MinimumVisualStudioVersion = 10.0.40219.1
Project("{FAE04EC0-301F-11D3-BF4B-00C04F79EFBC}") = "WinFormsApp2", "WinFormsApp2\WinFormsApp2.csproj", "{BFFD2A9A-EFDD-4630-A76D-C603387F1095}"
EndProject
Global
	GlobalSection(SolutionConfigurationPlatforms) = preSolution
		Debug|Any CPU = Debug|Any CPU
		Release|Any CPU = Release|Any CPU
	EndGlobalSection
	GlobalSection(ProjectConfigurationPlatforms) = postSolution
		{BFFD2A9A-EFDD-4630-A76D-C603387F1095}.Debug|Any CPU.ActiveCfg = Debug|Any CPU
		{BFFD2A9A-EFDD-4630-A76D-C603387F1095}.Debug|Any CPU.Build.0 = Debug|Any CPU
		{BFFD2A9A-EFDD-4630-A76D-C603387F1095}.Release|Any CPU.ActiveCfg = Release|Any CPU
		{BFFD2A9A-EFDD-4630-A76D-C603387F1095}.Release|Any CPU.Build.0 = Release|Any CPU
	EndGlobalSection
	GlobalSection(SolutionProperties) = preSolution
		HideSolutionNode = FALSE
	EndGlobalSection
	GlobalSection(ExtensibilityGlobals) = postSolution
		SolutionGuid = {03579A07-639F-4346-B120-457449C6E13C}
	EndGlobalSection
EndGlobal
